# generated by rye
# use `rye lock` or `rye sync` to update this lockfile
#
# last locked with the following flags:
#   pre: false
#   features: []
#   all-features: false
#   with-sources: false
#   generate-hashes: false
#   universal: false

aiohttp==3.9.5
aiosignal==1.3.1
    # via aiohttp
annotated-types==0.7.0
    # via pydantic
anyio==4.6.2.post1
    # via httpx
asgiref==3.8.1
    # via django
async-timeout==4.0.3
    # via aiohttp
    # via redis
attrs==23.2.0
    # via aiohttp
beautifulsoup4==4.11.1
bytecode==0.16.0
    # via ddtrace
cachetools==4.2.2
    # via google-auth
certifi==2024.2.2
    # via httpcore
    # via httpx
    # via requests
    # via sentry-sdk
cffi==1.16.0
    # via cryptography
    # via pynacl
charset-normalizer==3.3.2
    # via requests
cryptography==42.0.5
    # via pyjwt
ddtrace==2.17.2
defusedxml==0.7.1
deprecated==1.2.14
    # via opentelemetry-api
    # via opentelemetry-exporter-otlp-proto-http
    # via pygithub
django==5.0.4
    # via django-cors-headers
    # via django-extensions
    # via djangorestframework
django-cors-headers==3.13.0
django-environ==0.9.0
django-extensions==3.2.1
djangorestframework==3.14.0
dnspython==2.6.1
envier==0.6.1
    # via ddtrace
et-xmlfile==1.1.0
    # via openpyxl
exceptiongroup==1.2.2
    # via anyio
executing==2.0.1
    # via logfire
frozenlist==1.4.1
    # via aiohttp
    # via aiosignal
future==1.0.0
    # via yeelight
google-ai-generativelanguage==0.6.6
    # via google-generativeai
google-api-core==2.18.0
    # via google-ai-generativelanguage
    # via google-api-python-client
    # via google-cloud-core
    # via google-cloud-storage
    # via google-generativeai
google-api-python-client==2.143.0
    # via google-generativeai
google-auth==2.29.0
    # via google-ai-generativelanguage
    # via google-api-core
    # via google-api-python-client
    # via google-auth-httplib2
    # via google-cloud-core
    # via google-cloud-storage
    # via google-generativeai
google-auth-httplib2==0.2.0
    # via google-api-python-client
google-cloud-core==2.4.1
    # via google-cloud-storage
google-cloud-storage==2.9.0
google-crc32c==1.5.0
    # via google-resumable-media
google-generativeai==0.7.2
google-resumable-media==2.7.0
    # via google-cloud-storage
googleapis-common-protos==1.63.0
    # via google-api-core
    # via grpcio-status
    # via opentelemetry-exporter-otlp-proto-http
grpcio==1.65.5
    # via google-api-core
    # via grpcio-status
grpcio-status==1.62.3
    # via google-api-core
gunicorn==22.0.0
h11==0.14.0
    # via httpcore
httpcore==1.0.6
    # via httpx
httplib2==0.22.0
    # via google-api-python-client
    # via google-auth-httplib2
httpx==0.27.2
    # via python-telegram-bot
huey==2.5.0
idna==3.7
    # via anyio
    # via httpx
    # via requests
    # via yarl
ifaddr==0.2.0
    # via yeelight
importlib-metadata==7.0.0
    # via opentelemetry-api
logfire==0.37.0
lxml==5.2.2
markdown-it-py==3.0.0
    # via rich
mdurl==0.1.2
    # via markdown-it-py
multidict==6.0.5
    # via aiohttp
    # via yarl
openpyxl==3.1.2
opentelemetry-api==1.24.0
    # via ddtrace
    # via opentelemetry-exporter-otlp-proto-http
    # via opentelemetry-instrumentation
    # via opentelemetry-instrumentation-django
    # via opentelemetry-instrumentation-system-metrics
    # via opentelemetry-instrumentation-wsgi
    # via opentelemetry-sdk
opentelemetry-exporter-otlp-proto-common==1.24.0
    # via opentelemetry-exporter-otlp-proto-http
opentelemetry-exporter-otlp-proto-http==1.24.0
    # via logfire
opentelemetry-instrumentation==0.45b0
    # via logfire
    # via opentelemetry-instrumentation-django
    # via opentelemetry-instrumentation-system-metrics
    # via opentelemetry-instrumentation-wsgi
opentelemetry-instrumentation-django==0.45b0
    # via logfire
opentelemetry-instrumentation-system-metrics==0.45b0
    # via logfire
opentelemetry-instrumentation-wsgi==0.45b0
    # via opentelemetry-instrumentation-django
opentelemetry-proto==1.24.0
    # via opentelemetry-exporter-otlp-proto-common
    # via opentelemetry-exporter-otlp-proto-http
opentelemetry-sdk==1.24.0
    # via logfire
    # via opentelemetry-exporter-otlp-proto-http
    # via opentelemetry-instrumentation-system-metrics
opentelemetry-semantic-conventions==0.45b0
    # via opentelemetry-instrumentation-django
    # via opentelemetry-instrumentation-wsgi
    # via opentelemetry-sdk
opentelemetry-util-http==0.45b0
    # via opentelemetry-instrumentation-django
    # via opentelemetry-instrumentation-wsgi
packaging==24.0
    # via gunicorn
pillow==10.0.1
proto-plus==1.23.0
    # via google-ai-generativelanguage
    # via google-api-core
protobuf==4.25.3
    # via ddtrace
    # via google-ai-generativelanguage
    # via google-api-core
    # via google-generativeai
    # via googleapis-common-protos
    # via grpcio-status
    # via logfire
    # via opentelemetry-proto
    # via proto-plus
psutil==5.9.5
    # via opentelemetry-instrumentation-system-metrics
psycopg2-binary==2.9.5
pyasn1==0.6.0
    # via pyasn1-modules
    # via rsa
pyasn1-modules==0.4.0
    # via google-auth
pycparser==2.22
    # via cffi
pydantic==2.8.2
    # via google-generativeai
pydantic-core==2.20.1
    # via pydantic
pygithub==2.3.0
pygments==2.18.0
    # via rich
pyjwt==2.6.0
    # via pygithub
pynacl==1.5.0
    # via pygithub
pyparsing==3.1.4
    # via httplib2
pypdf2==3.0.1
python-crontab==2.7.1
python-dateutil==2.9.0.post0
    # via python-crontab
python-dotenv==1.0.0
python-telegram-bot==21.7
pytz==2024.1
    # via djangorestframework
redis==5.0.0
requests==2.31.0
    # via google-api-core
    # via google-cloud-storage
    # via opentelemetry-exporter-otlp-proto-http
    # via pygithub
rich==13.7.1
    # via logfire
rsa==4.9
    # via google-auth
sentry-sdk==2.0.0
setuptools==69.5.1
    # via opentelemetry-instrumentation
six==1.16.0
    # via python-dateutil
sniffio==1.3.1
    # via anyio
    # via httpx
soupsieve==2.5
    # via beautifulsoup4
sqlparse==0.5.0
    # via django
tomli==2.0.1
    # via logfire
tornado==6.4
tqdm==4.66.5
    # via google-generativeai
typing-extensions==4.11.0
    # via anyio
    # via asgiref
    # via ddtrace
    # via google-generativeai
    # via logfire
    # via opentelemetry-sdk
    # via pydantic
    # via pydantic-core
    # via pygithub
uritemplate==4.1.1
    # via google-api-python-client
urllib3==1.26.18
    # via pygithub
    # via requests
    # via sentry-sdk
wrapt==1.16.0
    # via ddtrace
    # via deprecated
    # via opentelemetry-instrumentation
xmltodict==0.14.2
    # via ddtrace
yarl==1.9.4
    # via aiohttp
yeelight==0.7.10
zipp==3.19.0
    # via importlib-metadata
